
Microsoft Visual Studio Solution File, Format Version 12.00
# Visual Studio Version 17
VisualStudioVersion = 17.8.34322.80
MinimumVisualStudioVersion = 10.0.40219.1
Project("{FAE04EC0-301F-11D3-BF4B-00C04F79EFBC}") = "AdventOfCode", "AdventOfCode.csproj", "{6B4DCA27-99D4-4B84-B1C9-8B8A74EA9A22}"
EndProject
Global
	GlobalSection(SolutionConfigurationPlatforms) = preSolution
		Debug|Any CPU = Debug|Any CPU
		Release|Any CPU = Release|Any CPU
	EndGlobalSection
	GlobalSection(ProjectConfigurationPlatforms) = postSolution
		{6B4DCA27-99D4-4B84-B1C9-8B8A74EA9A22}.Debug|Any CPU.ActiveCfg = Debug|Any CPU
		{6B4DCA27-99D4-4B84-B1C9-8B8A74EA9A22}.Debug|Any CPU.Build.0 = Debug|Any CPU
		{6B4DCA27-99D4-4B84-B1C9-8B8A74EA9A22}.Release|Any CPU.ActiveCfg = Release|Any CPU
		{6B4DCA27-99D4-4B84-B1C9-8B8A74EA9A22}.Release|Any CPU.Build.0 = Release|Any CPU
	EndGlobalSection
	GlobalSection(SolutionProperties) = preSolution
		HideSolutionNode = FALSE
	EndGlobalSection
	GlobalSection(ExtensibilityGlobals) = postSolution
		SolutionGuid = {9C41B7B7-2021-4FE6-8353-BC74AA29E4B2}
	EndGlobalSection
EndGlobal
